
Microsoft Visual Studio Solution File, Format Version 12.00
# Visual Studio Express 2013 for Web
VisualStudioVersion = 12.0.21005.1
MinimumVisualStudioVersion = 10.0.40219.1
Project("{FAE04EC0-301F-11D3-BF4B-00C04F79EFBC}") = "FluentMigrator.ServiceStack.TestV3", "FluentMigrator.ServiceStack.TestV3\FluentMigrator.ServiceStack.TestV3.csproj", "{475EFCAD-A678-4B09-A4FF-00E439A0D6CB}"
EndProject
Project("{FAE04EC0-301F-11D3-BF4B-00C04F79EFBC}") = "FluentMigrator.ServiceStack", "FluentMigrator.ServiceStack\FluentMigrator.ServiceStack.csproj", "{EECB9D59-A33E-426B-9C8E-188FF69F9446}"
EndProject
Project("{FAE04EC0-301F-11D3-BF4B-00C04F79EFBC}") = "TestMigrations", "TestMigrations\TestMigrations.csproj", "{B63A71A3-7562-44B4-979E-6844EE32C28E}"
EndProject
Global
	GlobalSection(SolutionConfigurationPlatforms) = preSolution
		Debug|Any CPU = Debug|Any CPU
		Release|Any CPU = Release|Any CPU
	EndGlobalSection
	GlobalSection(ProjectConfigurationPlatforms) = postSolution
		{475EFCAD-A678-4B09-A4FF-00E439A0D6CB}.Debug|Any CPU.ActiveCfg = Debug|Any CPU
		{475EFCAD-A678-4B09-A4FF-00E439A0D6CB}.Debug|Any CPU.Build.0 = Debug|Any CPU
		{475EFCAD-A678-4B09-A4FF-00E439A0D6CB}.Release|Any CPU.ActiveCfg = Release|Any CPU
		{475EFCAD-A678-4B09-A4FF-00E439A0D6CB}.Release|Any CPU.Build.0 = Release|Any CPU
		{EECB9D59-A33E-426B-9C8E-188FF69F9446}.Debug|Any CPU.ActiveCfg = Debug|Any CPU
		{EECB9D59-A33E-426B-9C8E-188FF69F9446}.Debug|Any CPU.Build.0 = Debug|Any CPU
		{EECB9D59-A33E-426B-9C8E-188FF69F9446}.Release|Any CPU.ActiveCfg = Release|Any CPU
		{EECB9D59-A33E-426B-9C8E-188FF69F9446}.Release|Any CPU.Build.0 = Release|Any CPU
		{B63A71A3-7562-44B4-979E-6844EE32C28E}.Debug|Any CPU.ActiveCfg = Debug|Any CPU
		{B63A71A3-7562-44B4-979E-6844EE32C28E}.Debug|Any CPU.Build.0 = Debug|Any CPU
		{B63A71A3-7562-44B4-979E-6844EE32C28E}.Release|Any CPU.ActiveCfg = Release|Any CPU
		{B63A71A3-7562-44B4-979E-6844EE32C28E}.Release|Any CPU.Build.0 = Release|Any CPU
	EndGlobalSection
	GlobalSection(SolutionProperties) = preSolution
		HideSolutionNode = FALSE
	EndGlobalSection
EndGlobal
